
Microsoft Visual Studio Solution File, Format Version 12.00
# Visual Studio Version 17
VisualStudioVersion = 17.8.34309.116
MinimumVisualStudioVersion = 10.0.40219.1
Project("{FAE04EC0-301F-11D3-BF4B-00C04F79EFBC}") = "RedisApp.Web", "RedisApp.Web\RedisApp.Web.csproj", "{4893FEB9-B816-4DA9-807D-2AD54389E2DD}"
EndProject
Global
	GlobalSection(SolutionConfigurationPlatforms) = preSolution
		Debug|Any CPU = Debug|Any CPU
		Release|Any CPU = Release|Any CPU
	EndGlobalSection
	GlobalSection(ProjectConfigurationPlatforms) = postSolution
		{4893FEB9-B816-4DA9-807D-2AD54389E2DD}.Debug|Any CPU.ActiveCfg = Debug|Any CPU
		{4893FEB9-B816-4DA9-807D-2AD54389E2DD}.Debug|Any CPU.Build.0 = Debug|Any CPU
		{4893FEB9-B816-4DA9-807D-2AD54389E2DD}.Release|Any CPU.ActiveCfg = Release|Any CPU
		{4893FEB9-B816-4DA9-807D-2AD54389E2DD}.Release|Any CPU.Build.0 = Release|Any CPU
	EndGlobalSection
	GlobalSection(SolutionProperties) = preSolution
		HideSolutionNode = FALSE
	EndGlobalSection
	GlobalSection(ExtensibilityGlobals) = postSolution
		SolutionGuid = {1ECF72AA-EE2A-4B92-AAE9-E800456D843E}
	EndGlobalSection
EndGlobal
